{
    "_meta": {
        "hash": {
            "sha256": "2555c8403d638424f0b10aba64e70e234e6ef2698f5d7fe9b5eff51af29af288"
        },
        "pipfile-spec": 6,
        "requires": {
            "python_version": "3.10"
        },
        "sources": [
            {
                "name": "pypi",
                "url": "https://pypi.org/simple",
                "verify_ssl": true
            }
        ]
    },
    "default": {
        "boto3": {
            "hashes": [
                "sha256:67d404c643091d4aa37fc485193289ad859f1f65f94d0fa544e13bdd1d4187c1",
                "sha256:c9a9f893561f64f5b81de197714ac4951251a328672a8dba28ad4c4a589c3adf"
            ],
            "index": "pypi",
            "version": "==1.24.22"
        },
        "botocore": {
            "hashes": [
                "sha256:7145d9b7cae87999a9f074de700d02a1b3222ee7d1863aa631ff56c5fc868035",
                "sha256:f57cb33446deef92e552b0be0e430d475c73cf64bc9e46cdb4783cdfe39cb6bb"
            ],
            "markers": "python_version >= '3.7'",
            "version": "==1.27.22"
        },
        "brotli": {
            "hashes": [
                "sha256:12effe280b8ebfd389022aa65114e30407540ccb89b177d3fbc9a4f177c4bd5d",
                "sha256:160c78292e98d21e73a4cc7f76a234390e516afcd982fa17e1422f7c6a9ce9c8",
                "sha256:16d528a45c2e1909c2798f27f7bf0a3feec1dc9e50948e738b961618e38b6a7b",
                "sha256:19598ecddd8a212aedb1ffa15763dd52a388518c4550e615aed88dc3753c0f0c",
                "sha256:1c48472a6ba3b113452355b9af0a60da5c2ae60477f8feda8346f8fd48e3e87c",
                "sha256:268fe94547ba25b58ebc724680609c8ee3e5a843202e9a381f6f9c5e8bdb5c70",
                "sha256:269a5743a393c65db46a7bb982644c67ecba4b8d91b392403ad8a861ba6f495f",
                "sha256:26d168aac4aaec9a4394221240e8a5436b5634adc3cd1cdf637f6645cecbf181",
                "sha256:29d1d350178e5225397e28ea1b7aca3648fcbab546d20e7475805437bfb0a130",
                "sha256:2aad0e0baa04517741c9bb5b07586c642302e5fb3e75319cb62087bd0995ab19",
                "sha256:3496fc835370da351d37cada4cf744039616a6db7d13c430035e901443a34daa",
                "sha256:35a3edbe18e876e596553c4007a087f8bcfd538f19bc116917b3c7522fca0429",
                "sha256:3b78a24b5fd13c03ee2b7b86290ed20efdc95da75a3557cc06811764d5ad1126",
                "sha256:40d15c79f42e0a2c72892bf407979febd9cf91f36f495ffb333d1d04cebb34e4",
                "sha256:44bb8ff420c1d19d91d79d8c3574b8954288bdff0273bf788954064d260d7ab0",
                "sha256:4688c1e42968ba52e57d8670ad2306fe92e0169c6f3af0089be75bbac0c64a3b",
                "sha256:495ba7e49c2db22b046a53b469bbecea802efce200dffb69b93dd47397edc9b6",
                "sha256:4d1b810aa0ed773f81dceda2cc7b403d01057458730e309856356d4ef4188438",
                "sha256:503fa6af7da9f4b5780bb7e4cbe0c639b010f12be85d02c99452825dd0feef3f",
                "sha256:56d027eace784738457437df7331965473f2c0da2c70e1a1f6fdbae5402e0389",
                "sha256:5913a1177fc36e30fcf6dc868ce23b0453952c78c04c266d3149b3d39e1410d6",
                "sha256:5b6ef7d9f9c38292df3690fe3e302b5b530999fa90014853dcd0d6902fb59f26",
                "sha256:5cb1e18167792d7d21e21365d7650b72d5081ed476123ff7b8cac7f45189c0c7",
                "sha256:61a7ee1f13ab913897dac7da44a73c6d44d48a4adff42a5701e3239791c96e14",
                "sha256:622a231b08899c864eb87e85f81c75e7b9ce05b001e59bbfbf43d4a71f5f32b2",
                "sha256:68715970f16b6e92c574c30747c95cf8cf62804569647386ff032195dc89a430",
                "sha256:6b2ae9f5f67f89aade1fab0f7fd8f2832501311c363a21579d02defa844d9296",
                "sha256:6c772d6c0a79ac0f414a9f8947cc407e119b8598de7621f39cacadae3cf57d12",
                "sha256:6d847b14f7ea89f6ad3c9e3901d1bc4835f6b390a9c71df999b0162d9bb1e20f",
                "sha256:76ffebb907bec09ff511bb3acc077695e2c32bc2142819491579a695f77ffd4d",
                "sha256:7bbff90b63328013e1e8cb50650ae0b9bac54ffb4be6104378490193cd60f85a",
                "sha256:7cb81373984cc0e4682f31bc3d6be9026006d96eecd07ea49aafb06897746452",
                "sha256:7ee83d3e3a024a9618e5be64648d6d11c37047ac48adff25f12fa4226cf23d1c",
                "sha256:854c33dad5ba0fbd6ab69185fec8dab89e13cda6b7d191ba111987df74f38761",
                "sha256:85f7912459c67eaab2fb854ed2bc1cc25772b300545fe7ed2dc03954da638649",
                "sha256:87fdccbb6bb589095f413b1e05734ba492c962b4a45a13ff3408fa44ffe6479b",
                "sha256:88c63a1b55f352b02c6ffd24b15ead9fc0e8bf781dbe070213039324922a2eea",
                "sha256:8a674ac10e0a87b683f4fa2b6fa41090edfd686a6524bd8dedbd6138b309175c",
                "sha256:93130612b837103e15ac3f9cbacb4613f9e348b58b3aad53721d92e57f96d46a",
                "sha256:9744a863b489c79a73aba014df554b0e7a0fc44ef3f8a0ef2a52919c7d155031",
                "sha256:9749a124280a0ada4187a6cfd1ffd35c350fb3af79c706589d98e088c5044267",
                "sha256:97f715cf371b16ac88b8c19da00029804e20e25f30d80203417255d239f228b5",
                "sha256:9bf919756d25e4114ace16a8ce91eb340eb57a08e2c6950c3cebcbe3dff2a5e7",
                "sha256:9d12cf2851759b8de8ca5fde36a59c08210a97ffca0eb94c532ce7b17c6a3d1d",
                "sha256:9ed4c92a0665002ff8ea852353aeb60d9141eb04109e88928026d3c8a9e5433c",
                "sha256:a72661af47119a80d82fa583b554095308d6a4c356b2a554fdc2799bc19f2a43",
                "sha256:afde17ae04d90fbe53afb628f7f2d4ca022797aa093e809de5c3cf276f61bbfa",
                "sha256:b336c5e9cf03c7be40c47b5fd694c43c9f1358a80ba384a21969e0b4e66a9b17",
                "sha256:b663f1e02de5d0573610756398e44c130add0eb9a3fc912a09665332942a2efb",
                "sha256:b83bb06a0192cccf1eb8d0a28672a1b79c74c3a8a5f2619625aeb6f28b3a82bb",
                "sha256:c2415d9d082152460f2bd4e382a1e85aed233abc92db5a3880da2257dc7daf7b",
                "sha256:c83aa123d56f2e060644427a882a36b3c12db93727ad7a7b9efd7d7f3e9cc2c4",
                "sha256:cfc391f4429ee0a9370aa93d812a52e1fee0f37a81861f4fdd1f4fb28e8547c3",
                "sha256:db844eb158a87ccab83e868a762ea8024ae27337fc7ddcbfcddd157f841fdfe7",
                "sha256:defed7ea5f218a9f2336301e6fd379f55c655bea65ba2476346340a0ce6f74a1",
                "sha256:e16eb9541f3dd1a3e92b89005e37b1257b157b7256df0e36bd7b33b50be73bcb",
                "sha256:e23281b9a08ec338469268f98f194658abfb13658ee98e2b7f85ee9dd06caa91",
                "sha256:e2d9e1cbc1b25e22000328702b014227737756f4b5bf5c485ac1d8091ada078b",
                "sha256:e48f4234f2469ed012a98f4b7874e7f7e173c167bed4934912a29e03167cf6b1",
                "sha256:e4c4e92c14a57c9bd4cb4be678c25369bf7a092d55fd0866f759e425b9660806",
                "sha256:ec1947eabbaf8e0531e8e899fc1d9876c179fc518989461f5d24e2223395a9e3",
                "sha256:f909bbbc433048b499cb9db9e713b5d8d949e8c109a2a548502fb9aa8630f0b1"
            ],
            "version": "==1.0.9"
        },
        "certifi": {
            "hashes": [
                "sha256:84c85a9078b11105f04f3036a9482ae10e4621616db313fe045dd24743a0820d",
                "sha256:fe86415d55e84719d75f8b69414f6438ac3547d2078ab91b67e779ef69378412"
            ],
            "markers": "python_version >= '3.6'",
            "version": "==2022.6.15"
        },
        "charset-normalizer": {
            "hashes": [
                "sha256:5189b6f22b01957427f35b6a08d9a0bc45b46d3788ef5a92e978433c7a35f8a5",
                "sha256:575e708016ff3a5e3681541cb9d79312c416835686d054a23accb873b254f413"
            ],
            "markers": "python_version >= '3.6'",
            "version": "==2.1.0"
        },
        "click": {
            "hashes": [
                "sha256:7682dc8afb30297001674575ea00d1814d808d6a36af415a82bd481d37ba7b8e",
                "sha256:bb4d8133cb15a609f44e8213d9b391b0809795062913b383c62be0ee95b1db48"
            ],
            "markers": "python_version >= '3.7'",
            "version": "==8.1.3"
        },
        "cloudinary": {
            "hashes": [
                "sha256:f436ef3ddb2b3989199afaf82bc50655b187bf1ae98c4bf0bb3eb63055953466"
            ],
            "index": "pypi",
            "version": "==1.29.0"
        },
        "commonmark": {
            "hashes": [
                "sha256:452f9dc859be7f06631ddcb328b6919c67984aca654e5fefb3914d54691aed60",
                "sha256:da2f38c92590f83de410ba1a3cbceafbc74fee9def35f9251ba9a971d6d66fd9"
            ],
            "version": "==0.9.1"
        },
        "etcpak": {
            "hashes": [
                "sha256:0739ce458287a7a2693690b2230985d95db28b81d4a125ef401137c130e834d8",
                "sha256:08c3d5f90bebc196b215b03075c99fbd1672858851adbfb69adbd6bad91d954a",
                "sha256:08ea06e12606e34cf760afc0abddc4cdcc76c7ddd4c282367fea5436abb8741d",
                "sha256:0a0f4673cff5167ee0596cab565c7df5845be1db2969aa36a5b7df2a2c778a93",
                "sha256:188272db91c929ca6033afc9097038cc5e370471b38c5f3058cdc40187f82bef",
                "sha256:2cfb9f8b997847881c8f8ada9f245dcb4c33cd545e0b91591968529ab75ed0f2",
                "sha256:374ba9bfe7e7efb729686ddb59cc8c0685a396270a343346f378908daaecbddd",
                "sha256:4be93cf140e35922bc37a08a51c44ea1140b39a8b94566af70e4335e141ad57d",
                "sha256:4cb71969a529206fc53863dccb715b65ab0de58a986de190983a961cfaf39bb8",
                "sha256:6424676b39dd3373d773ba68d9797f36cd1ffffe727326dcbd003d7df15f970c",
                "sha256:6ec38383d4fa28ac4ad5436d24b4957ab5c6bfacd9fd7facc0cb592fea44d510",
                "sha256:73df6bf921feb099c58415299b47607369c6adb9ed945ae5ae3b2e4d7ba3c03d",
                "sha256:794bc1202e444597241e5131d4cf1fa91e07bbba87cb9b25d8db75d83fe4f569",
                "sha256:7ea641bf282bb37813ce3d2cff040bd340fb5277201123ba326442717873e66d",
                "sha256:859fba550297570298047a82de51ad18d1b15a505c8e43c24586f2edc709ede2",
                "sha256:86d6f9fb4eb46590bd8c88e7887d83b266ac3d270887a7fe654daead28ea7004",
                "sha256:92e7b66faf4d411fb8c9903ca622653a8c1694e715205b4755dadc8a276cfea3",
                "sha256:953d925e9ac83385f51f4137957667b675f937dfdb1b6e19a498ffc91632595b",
                "sha256:97e06957afb02df3a4afa8a840ffa8c4a339a50545c8328e5d4b14face12729b",
                "sha256:9d8a0361db56ca5aee73818bc0116bc9f66a4626e21ef2a98ca49b147df991a9",
                "sha256:9fae95558aa2eaa7ebe656a08b5a891e49112bb728423eb7ba92a5aedafa2955",
                "sha256:a6ba313f06c33e2393539b9c6af14e018f9d9cbe5451d81b0218860bfc0faf21",
                "sha256:a72b5a8aeeac7912890288c02f41ee5ea2ccd70633c09b27adc55d6e88172b85",
                "sha256:aa0c717959a59ca10de4f015b2e3da5450b0794594d1c9524c84317b70103b1d",
                "sha256:abb68fe6b43f4dcf21b6e2bd7f8d8c840b65bdfb0ab5c9cdc76feb563b70436c",
                "sha256:af9fd021d7c9b3712798bc47af273b4854bef663fd862a83f2d093b198a25fe0",
                "sha256:b0b79d76f0a131ec40c66425e4e9dd676c427df2837c9909d2f369a878386230",
                "sha256:b3348ee6456a784777d3b8472ff621bcdca3a42d3f7a97390fd464b62b488712",
                "sha256:b45baac32af9a787cb028eb68031e1eabb318aacba39ab348e04de467d3373e9",
                "sha256:bc8fe70f58cf48ec51f297dfd5ec32ec7ef7a22481db8fc4b44b1bdd6e286d03",
                "sha256:c549a7b5e89c0d7f5822a9073edf221a94a2bb8d9a8d27baa6ef7611f921f937",
                "sha256:cd8d7352b673fbc1f664a5db16cd63f04fa479645f005fc7af19082f22e5f5eb",
                "sha256:d35e31c1e3e763ff00d34ad00e9c927239068b40fe298a0061c1a96d991abbcc",
                "sha256:dbca77661b8e56d9ead3c9ac8ba2d8e19d081eabc9efd73bb9eba01d62516eca",
                "sha256:dc974ca549c215bbbc41c030dd5397036096cb1445519677335c5ab3b6a39973",
                "sha256:dfaf2379d9fd553c51760cb48bf5acf23b89435b37cee5b5177aa2ff31756e85",
                "sha256:e25fc3cbf43d0774d794d53a99bc2d9c77783128b1eacbcff4828ddca9c98aa1",
                "sha256:ecde3394a6900a11b009c7305390596fa3136544c3f1dbcba37596f739bd0b6a",
                "sha256:f9dc85ebb4aac94c23e5934bb6dc76addae361a9e5c7532da25995d96fc28ee8",
                "sha256:fe38edb52f755618ea28c95afbd1169bac5cc3bd3d515f10380cfe08fb9fe122"
            ],
            "version": "==0.9.6"
        },
        "flask": {
            "hashes": [
                "sha256:315ded2ddf8a6281567edb27393010fe3406188bafbfe65a3339d5787d89e477",
                "sha256:fad5b446feb0d6db6aec0c3184d16a8c1f6c3e464b511649c8918a9be100b4fe"
            ],
            "index": "pypi",
            "version": "==2.1.2"
        },
        "idna": {
            "hashes": [
                "sha256:84d9dd047ffa80596e0f246e2eab0b391788b0503584e8945f2368256d2735ff",
                "sha256:9d643ff0a55b762d5cdb124b8eaa99c66322e2157b69160bc32796e824360e6d"
            ],
            "markers": "python_version >= '3.5'",
            "version": "==3.3"
        },
        "itsdangerous": {
            "hashes": [
                "sha256:2c2349112351b88699d8d4b6b075022c0808887cb7ad10069318a8b0bc88db44",
                "sha256:5dbbc68b317e5e42f327f9021763545dc3fc3bfe22e6deb96aaf1fc38874156a"
            ],
            "markers": "python_version >= '3.7'",
            "version": "==2.1.2"
        },
        "jinja2": {
            "hashes": [
                "sha256:31351a702a408a9e7595a8fc6150fc3f43bb6bf7e319770cbc0db9df9437e852",
                "sha256:6088930bfe239f0e6710546ab9c19c9ef35e29792895fed6e6e31a023a182a61"
            ],
            "markers": "python_version >= '3.7'",
            "version": "==3.1.2"
        },
        "jmespath": {
            "hashes": [
                "sha256:02e2e4cc71b5bcab88332eebf907519190dd9e6e82107fa7f83b1003a6252980",
                "sha256:90261b206d6defd58fdd5e85f478bf633a2901798906be2ad389150c5c60edbe"
            ],
            "markers": "python_version >= '3.7'",
            "version": "==1.0.1"
        },
        "lz4": {
            "hashes": [
                "sha256:0712e0c6cb25ffbeb55fcb1318db94ecf8f88ef81e18eb5e70180f1df7703899",
                "sha256:0f14081851117131c7315fdc07f8d7ac29dba0c1d426a5d818d0b2a39f85f1dd",
                "sha256:21be98218d0366227cd62151c8f8d6ef39fb0672f824893a85ceef4934d27a73",
                "sha256:387b94ab237e1f5186dbb0d0587f3bb16912211a52a8654e2a97c322732dd5a1",
                "sha256:3a8b77310fd460139401cec9784caf9b5aa1fbbcb2e0d44c19bfa10c2c5ee473",
                "sha256:3db0ae359a97802c7a9702871669ac66a6e224b06876c22a38c6665c7004ac82",
                "sha256:5621c9ba9ef10c2a70429ff4950ce599d333feb9a0dcb13331b2707ee7a27d8f",
                "sha256:5e8e525fe6e8104d2afe8ad2fd2f9ac07321d6e40ee601a7b4bca4dde3ed2a01",
                "sha256:5ea6e188acf61e0a0866ebc9f966c8dc81df6fb3c4b3b50f578d58922c2de298",
                "sha256:6dd216093fd202e0c3d8ece82012ecbaf083288549a834f9fa1f4094990fc44c",
                "sha256:957186cf822649ffd8cb08b39395749ec6997a61d5f05483c5bde7463d0293f5",
                "sha256:a76a0b21e2263c210b30c7e44a9d1b6e36924667004e7054986f533d2839e160",
                "sha256:b041956b81905f17afbff2d10c5445a79c86fc7ca0adb2e6dc5885025812faa9",
                "sha256:ba375be2c2f31eee5720c77ca870acf38a20bc94b1c8744536e54c17562c6ffb",
                "sha256:be3ffd413fa3fe8bc84075d94104aadeb430fbd33976828537345691b954e8c9",
                "sha256:ca911cc13debdea55eb1b99cfbdf48f8d65166ff39132c9ec1e156bd0b8f827f",
                "sha256:d0d9fe54043a9879952595f00ac8128dda33113d1289e41b648ac966b814c12b",
                "sha256:d23d14f45c64da187d313c4ca61804485296f3c1380b1f4898eaac3ed82ae3cd",
                "sha256:efdfec2175715bf2d814ed72a7a185406f3456464eb3f343db1b87ed813e039c",
                "sha256:f3bb11af528a6d01b20c8d5dafa87930a4341cad856f8ad9a5333e7f6292fd6e",
                "sha256:feb92e638a7a166d4c3f574777b07adbae0ce158e66f54ed2788ad29f6bcf311"
            ],
            "markers": "python_version >= '3.7'",
            "version": "==4.0.1"
        },
        "markupsafe": {
            "hashes": [
                "sha256:0212a68688482dc52b2d45013df70d169f542b7394fc744c02a57374a4207003",
                "sha256:089cf3dbf0cd6c100f02945abeb18484bd1ee57a079aefd52cffd17fba910b88",
                "sha256:10c1bfff05d95783da83491be968e8fe789263689c02724e0c691933c52994f5",
                "sha256:33b74d289bd2f5e527beadcaa3f401e0df0a89927c1559c8566c066fa4248ab7",
                "sha256:3799351e2336dc91ea70b034983ee71cf2f9533cdff7c14c90ea126bfd95d65a",
                "sha256:3ce11ee3f23f79dbd06fb3d63e2f6af7b12db1d46932fe7bd8afa259a5996603",
                "sha256:421be9fbf0ffe9ffd7a378aafebbf6f4602d564d34be190fc19a193232fd12b1",
                "sha256:43093fb83d8343aac0b1baa75516da6092f58f41200907ef92448ecab8825135",
                "sha256:46d00d6cfecdde84d40e572d63735ef81423ad31184100411e6e3388d405e247",
                "sha256:4a33dea2b688b3190ee12bd7cfa29d39c9ed176bda40bfa11099a3ce5d3a7ac6",
                "sha256:4b9fe39a2ccc108a4accc2676e77da025ce383c108593d65cc909add5c3bd601",
                "sha256:56442863ed2b06d19c37f94d999035e15ee982988920e12a5b4ba29b62ad1f77",
                "sha256:671cd1187ed5e62818414afe79ed29da836dde67166a9fac6d435873c44fdd02",
                "sha256:694deca8d702d5db21ec83983ce0bb4b26a578e71fbdbd4fdcd387daa90e4d5e",
                "sha256:6a074d34ee7a5ce3effbc526b7083ec9731bb3cbf921bbe1d3005d4d2bdb3a63",
                "sha256:6d0072fea50feec76a4c418096652f2c3238eaa014b2f94aeb1d56a66b41403f",
                "sha256:6fbf47b5d3728c6aea2abb0589b5d30459e369baa772e0f37a0320185e87c980",
                "sha256:7f91197cc9e48f989d12e4e6fbc46495c446636dfc81b9ccf50bb0ec74b91d4b",
                "sha256:86b1f75c4e7c2ac2ccdaec2b9022845dbb81880ca318bb7a0a01fbf7813e3812",
                "sha256:8dc1c72a69aa7e082593c4a203dcf94ddb74bb5c8a731e4e1eb68d031e8498ff",
                "sha256:8e3dcf21f367459434c18e71b2a9532d96547aef8a871872a5bd69a715c15f96",
                "sha256:8e576a51ad59e4bfaac456023a78f6b5e6e7651dcd383bcc3e18d06f9b55d6d1",
                "sha256:96e37a3dc86e80bf81758c152fe66dbf60ed5eca3d26305edf01892257049925",
                "sha256:97a68e6ada378df82bc9f16b800ab77cbf4b2fada0081794318520138c088e4a",
                "sha256:99a2a507ed3ac881b975a2976d59f38c19386d128e7a9a18b7df6fff1fd4c1d6",
                "sha256:a49907dd8420c5685cfa064a1335b6754b74541bbb3706c259c02ed65b644b3e",
                "sha256:b09bf97215625a311f669476f44b8b318b075847b49316d3e28c08e41a7a573f",
                "sha256:b7bd98b796e2b6553da7225aeb61f447f80a1ca64f41d83612e6139ca5213aa4",
                "sha256:b87db4360013327109564f0e591bd2a3b318547bcef31b468a92ee504d07ae4f",
                "sha256:bcb3ed405ed3222f9904899563d6fc492ff75cce56cba05e32eff40e6acbeaa3",
                "sha256:d4306c36ca495956b6d568d276ac11fdd9c30a36f1b6eb928070dc5360b22e1c",
                "sha256:d5ee4f386140395a2c818d149221149c54849dfcfcb9f1debfe07a8b8bd63f9a",
                "sha256:dda30ba7e87fbbb7eab1ec9f58678558fd9a6b8b853530e176eabd064da81417",
                "sha256:e04e26803c9c3851c931eac40c695602c6295b8d432cbe78609649ad9bd2da8a",
                "sha256:e1c0b87e09fa55a220f058d1d49d3fb8df88fbfab58558f1198e08c1e1de842a",
                "sha256:e72591e9ecd94d7feb70c1cbd7be7b3ebea3f548870aa91e2732960fa4d57a37",
                "sha256:e8c843bbcda3a2f1e3c2ab25913c80a3c5376cd00c6e8c4a86a89a28c8dc5452",
                "sha256:efc1913fd2ca4f334418481c7e595c00aad186563bbc1ec76067848c7ca0a933",
                "sha256:f121a1420d4e173a5d96e47e9a0c0dcff965afdf1626d28de1460815f7c4ee7a",
                "sha256:fc7b548b17d238737688817ab67deebb30e8073c95749d55538ed473130ec0c7"
            ],
            "markers": "python_version >= '3.7'",
            "version": "==2.1.1"
        },
        "pillow": {
            "hashes": [
                "sha256:0030fdbd926fb85844b8b92e2f9449ba89607231d3dd597a21ae72dc7fe26927",
                "sha256:030e3460861488e249731c3e7ab59b07c7853838ff3b8e16aac9561bb345da14",
                "sha256:0ed2c4ef2451de908c90436d6e8092e13a43992f1860275b4d8082667fbb2ffc",
                "sha256:136659638f61a251e8ed3b331fc6ccd124590eeff539de57c5f80ef3a9594e58",
                "sha256:13b725463f32df1bfeacbf3dd197fb358ae8ebcd8c5548faa75126ea425ccb60",
                "sha256:1536ad017a9f789430fb6b8be8bf99d2f214c76502becc196c6f2d9a75b01b76",
                "sha256:15928f824870535c85dbf949c09d6ae7d3d6ac2d6efec80f3227f73eefba741c",
                "sha256:17d4cafe22f050b46d983b71c707162d63d796a1235cdf8b9d7a112e97b15bac",
                "sha256:1802f34298f5ba11d55e5bb09c31997dc0c6aed919658dfdf0198a2fe75d5490",
                "sha256:1cc1d2451e8a3b4bfdb9caf745b58e6c7a77d2e469159b0d527a4554d73694d1",
                "sha256:1fd6f5e3c0e4697fa7eb45b6e93996299f3feee73a3175fa451f49a74d092b9f",
                "sha256:254164c57bab4b459f14c64e93df11eff5ded575192c294a0c49270f22c5d93d",
                "sha256:2ad0d4df0f5ef2247e27fc790d5c9b5a0af8ade9ba340db4a73bb1a4a3e5fb4f",
                "sha256:2c58b24e3a63efd22554c676d81b0e57f80e0a7d3a5874a7e14ce90ec40d3069",
                "sha256:2d33a11f601213dcd5718109c09a52c2a1c893e7461f0be2d6febc2879ec2402",
                "sha256:337a74fd2f291c607d220c793a8135273c4c2ab001b03e601c36766005f36885",
                "sha256:37ff6b522a26d0538b753f0b4e8e164fdada12db6c6f00f62145d732d8a3152e",
                "sha256:3d1f14f5f691f55e1b47f824ca4fdcb4b19b4323fe43cc7bb105988cad7496be",
                "sha256:408673ed75594933714482501fe97e055a42996087eeca7e5d06e33218d05aa8",
                "sha256:4134d3f1ba5f15027ff5c04296f13328fecd46921424084516bdb1b2548e66ff",
                "sha256:4ad2f835e0ad81d1689f1b7e3fbac7b01bb8777d5a985c8962bedee0cc6d43da",
                "sha256:50dff9cc21826d2977ef2d2a205504034e3a4563ca6f5db739b0d1026658e004",
                "sha256:510cef4a3f401c246cfd8227b300828715dd055463cdca6176c2e4036df8bd4f",
                "sha256:5aed7dde98403cd91d86a1115c78d8145c83078e864c1de1064f52e6feb61b20",
                "sha256:69bd1a15d7ba3694631e00df8de65a8cb031911ca11f44929c97fe05eb9b6c1d",
                "sha256:6bf088c1ce160f50ea40764f825ec9b72ed9da25346216b91361eef8ad1b8f8c",
                "sha256:6e8c66f70fb539301e064f6478d7453e820d8a2c631da948a23384865cd95544",
                "sha256:727dd1389bc5cb9827cbd1f9d40d2c2a1a0c9b32dd2261db522d22a604a6eec9",
                "sha256:74a04183e6e64930b667d321524e3c5361094bb4af9083db5c301db64cd341f3",
                "sha256:75e636fd3e0fb872693f23ccb8a5ff2cd578801251f3a4f6854c6a5d437d3c04",
                "sha256:7761afe0126d046974a01e030ae7529ed0ca6a196de3ec6937c11df0df1bc91c",
                "sha256:7888310f6214f19ab2b6df90f3f06afa3df7ef7355fc025e78a3044737fab1f5",
                "sha256:7b0554af24df2bf96618dac71ddada02420f946be943b181108cac55a7a2dcd4",
                "sha256:7c7b502bc34f6e32ba022b4a209638f9e097d7a9098104ae420eb8186217ebbb",
                "sha256:808add66ea764ed97d44dda1ac4f2cfec4c1867d9efb16a33d158be79f32b8a4",
                "sha256:831e648102c82f152e14c1a0938689dbb22480c548c8d4b8b248b3e50967b88c",
                "sha256:93689632949aff41199090eff5474f3990b6823404e45d66a5d44304e9cdc467",
                "sha256:96b5e6874431df16aee0c1ba237574cb6dff1dcb173798faa6a9d8b399a05d0e",
                "sha256:9a54614049a18a2d6fe156e68e188da02a046a4a93cf24f373bffd977e943421",
                "sha256:a138441e95562b3c078746a22f8fca8ff1c22c014f856278bdbdd89ca36cff1b",
                "sha256:a647c0d4478b995c5e54615a2e5360ccedd2f85e70ab57fbe817ca613d5e63b8",
                "sha256:a9c9bc489f8ab30906d7a85afac4b4944a572a7432e00698a7239f44a44e6efb",
                "sha256:ad2277b185ebce47a63f4dc6302e30f05762b688f8dc3de55dbae4651872cdf3",
                "sha256:b6d5e92df2b77665e07ddb2e4dbd6d644b78e4c0d2e9272a852627cdba0d75cf",
                "sha256:bc431b065722a5ad1dfb4df354fb9333b7a582a5ee39a90e6ffff688d72f27a1",
                "sha256:bdd0de2d64688ecae88dd8935012c4a72681e5df632af903a1dca8c5e7aa871a",
                "sha256:c79698d4cd9318d9481d89a77e2d3fcaeff5486be641e60a4b49f3d2ecca4e28",
                "sha256:cb6259196a589123d755380b65127ddc60f4c64b21fc3bb46ce3a6ea663659b0",
                "sha256:d5b87da55a08acb586bad5c3aa3b86505f559b84f39035b233d5bf844b0834b1",
                "sha256:dcd7b9c7139dc8258d164b55696ecd16c04607f1cc33ba7af86613881ffe4ac8",
                "sha256:dfe4c1fedfde4e2fbc009d5ad420647f7730d719786388b7de0999bf32c0d9fd",
                "sha256:ea98f633d45f7e815db648fd7ff0f19e328302ac36427343e4432c84432e7ff4",
                "sha256:ec52c351b35ca269cb1f8069d610fc45c5bd38c3e91f9ab4cbbf0aebc136d9c8",
                "sha256:eef7592281f7c174d3d6cbfbb7ee5984a671fcd77e3fc78e973d492e9bf0eb3f",
                "sha256:f07f1f00e22b231dd3d9b9208692042e29792d6bd4f6639415d2f23158a80013",
                "sha256:f3fac744f9b540148fa7715a435d2283b71f68bfb6d4aae24482a890aed18b59",
                "sha256:fa768eff5f9f958270b081bb33581b4b569faabf8774726b283edb06617101dc",
                "sha256:fac2d65901fb0fdf20363fbd345c01958a742f2dc62a8dd4495af66e3ff502a4"
            ],
            "markers": "python_version >= '3.7'",
            "version": "==9.2.0"
        },
        "pygments": {
            "hashes": [
                "sha256:5eb116118f9612ff1ee89ac96437bb6b49e8f04d8a13b514ba26f620208e26eb",
                "sha256:dc9c10fb40944260f6ed4c688ece0cd2048414940f1cea51b8b226318411c519"
            ],
            "markers": "python_version >= '3.6'",
            "version": "==2.12.0"
        },
        "python-dateutil": {
            "hashes": [
                "sha256:0123cacc1627ae19ddf3c27a5de5bd67ee4586fbdd6440d9748f8abb483d3e86",
                "sha256:961d03dc3453ebbc59dbdea9e4e11c5651520a876d0f4db161e8674aae935da9"
            ],
            "markers": "python_version >= '2.7' and python_version not in '3.0, 3.1, 3.2, 3.3'",
            "version": "==2.8.2"
        },
        "requests": {
            "hashes": [
                "sha256:7c5599b102feddaa661c826c56ab4fee28bfd17f5abca1ebbe3e7f19d7c97983",
                "sha256:8fefa2a1a1365bf5520aac41836fbee479da67864514bdb821f31ce07ce65349"
            ],
            "index": "pypi",
            "version": "==2.28.1"
        },
        "rich": {
            "hashes": [
                "sha256:4c586de507202505346f3e32d1363eb9ed6932f0c2f63184dea88983ff4971e2",
                "sha256:d2bbd99c320a2532ac71ff6a3164867884357da3e3301f0240090c5d2fdac7ec"
            ],
            "index": "pypi",
            "version": "==12.4.4"
        },
        "s3transfer": {
            "hashes": [
                "sha256:06176b74f3a15f61f1b4f25a1fc29a4429040b7647133a463da8fa5bd28d5ecd",
                "sha256:2ed07d3866f523cc561bf4a00fc5535827981b117dd7876f036b0c1aca42c947"
            ],
            "markers": "python_version >= '3.7'",
            "version": "==0.6.0"
        },
        "six": {
            "hashes": [
                "sha256:1e61c37477a1626458e36f7b1d82aa5c9b094fa4802892072e49de9c60c4c926",
                "sha256:8abb2f1d86890a2dfb989f9a77cfcfd3e47c2a354b01111771326f8aa26e0254"
            ],
            "markers": "python_version >= '2.7' and python_version not in '3.0, 3.1, 3.2, 3.3'",
            "version": "==1.16.0"
        },
        "tabulate": {
            "hashes": [
                "sha256:0ba055423dbaa164b9e456abe7920c5e8ed33fcc16f6d1b2f2d152c8e1e8b4fc",
                "sha256:436f1c768b424654fce8597290d2764def1eea6a77cfa5c33be00b1bc0f4f63d",
                "sha256:6c57f3f3dd7ac2782770155f3adb2db0b1a269637e42f27599925e64b114f519"
            ],
            "markers": "python_version >= '2.7' and python_version not in '3.0, 3.1, 3.2, 3.3, 3.4'",
            "version": "==0.8.10"
        },
        "texture2ddecoder": {
            "hashes": [
                "sha256:12ebc41faabb5c2222965ca51094ae6c99eda80e09561b1d9ced2cf4135db1a7",
                "sha256:1d7a5486b49de42a67f15de751518bae54ed2d307d194a45961592904c61d698",
                "sha256:24a4e3af12bdf91234741f1c14e52ae7dc2ebdd7d18314d3bbf2050807bfe2fa",
                "sha256:24ba11b007276672e10952d378c713847f02d0d396b6b37fe50855dbed5e05fc",
                "sha256:32f297ac1e0f3fac4330d06c71ad0d6ae0d53306fe70f4bc91c2c8e5072bad5c",
                "sha256:3f619485c5ba699624e40238697d29e8a619999bb0a1ab3033d814e76497d51f",
                "sha256:4f777c9e369c19893de5511c5694e84c94bee4bdbfefd5832c2f864529b5a45d",
                "sha256:5174c143481dfe9f3fbc7dff767dba1c0f1f58eabd9551c1828dd76f772d1806",
                "sha256:51fe0356b7a28510f918176a45f214b35fd91d6472d940a1566d4886f4bde49a",
                "sha256:56b51bff7c81aaa774cea2c4807737e8e9fc7494d2cc60f4ff2d316638e00752",
                "sha256:5cdc59fa6dd5cfca13186ed2a57d8f07da376207dd53f7a938942a87d712ed17",
                "sha256:60414e5c0aed9cd5f3347ad818d0528f2b9a0ce0c4c1449c4ef6e6a814a761ec",
                "sha256:669a3fcc07b0183dd58e34b30b24d4fd8bd36138df05668992ba47d3809ad89a",
                "sha256:6c6e38820fa076ba45217e4e193d855542b41fea1c4ccd32df4f0822debbf297",
                "sha256:72dbca189217e1ca41b3b3214973abb7ff7671b438ecff317458b66482b0913d",
                "sha256:77c3dd6b9cdc096af560d2c3cbc8378dc71fb7cd333d9d452709b42c5269513d",
                "sha256:7f62bee29f740d3c89f351f2a4e549c0e2286a0eced3dd2e46668b408fd8f174",
                "sha256:85d64aab289bcea83a6854e6e1a555a2fb957d4b9ce780b3dac71c05eb41dec4",
                "sha256:87d8f5751fb0601a38c361c6651139b314fa5d76aad2bc82ddc471ca8857a32f",
                "sha256:8a74cfa8deadd4008bbc920a7a81f6cd28087df833a3b36d7a3826922c0baa41",
                "sha256:93427e948d7fcf28d0c70d693933b5897ce65c6695499e8949b0557f7772fb64",
                "sha256:96147aa8edc3807fbb50d14b08eb10df81101704529631670f952a5aeb9abf62",
                "sha256:a108d9e64f26e37da12ab13b4c2979db0fd07507025769d804ebf369424555a2",
                "sha256:a15592119c0d0183101c0138a23bf3dec1be0ca069bd1fd6a72bdb02d98b43d9",
                "sha256:a4e511f2ea56af1293b3f1d290ca30820b2a6233181929c50d79392b78ec04ea",
                "sha256:b151b858869dc2f0c9001aac90cef19712a2d63d135993594fa6f7d08ee04cbb",
                "sha256:b5eb8de643a0a45874596a304da9ec6f77a5839522eebebaf695699456111524",
                "sha256:b6f2e3643785fc8530308c1b636f026a88a57b7e398683a807b99162da33f856",
                "sha256:b8b9ad87c58d6a0962061d6586f1c946db6eb13a500241cd2f39b0d43ed3c6a4",
                "sha256:bdb97629d0d047ff942ca30dca6c8aa50c7e293b3c02876cc0679c567794aa53",
                "sha256:c336c1a82e56cf6fe5199b6bdee128372bce1381b0f1f54b854a0b82086ae561",
                "sha256:c9ba502887138c205d7f0941f3fc86de874f4c73f4d6df4f8fc4ed9c3b393031",
                "sha256:d1ee77f46b8779e67af5ee628857233b67bc08321c8c242008f227f66b8ea6ad",
                "sha256:d2d0ccc309b50c78f35b44e9758526823ce0e4300487907d308200a246011be7",
                "sha256:df8dffb274a1b7893f6f000baa5280cdeba6dd6438fe2e64bc4db6da4fce33ea",
                "sha256:e1e2348e1643b01e9a28a2b714ef9daae43061e567bde5f33af810eff8341295",
                "sha256:e24e594105c5e0519e846c502a4609600a62e1dcd29f5e7870c2ca801f084f5f",
                "sha256:e28e7b4a476ccda41d8cc35434e2d78c9ab0ca7fc80f2ec990e38d60dbf89d5f",
                "sha256:ea126413b0287ac716cc0def66c2b0464a18422d46b8600cd4110b825fe3f706",
                "sha256:ee2ddc9f1d8b010bed285a733b4518e3642901536b27d403e7ef5d32ced0b23f"
            ],
            "version": "==1.0.4"
        },
        "unitypy": {
            "hashes": [
                "sha256:04073c5bfb341c1fcca23c3478c1e5c38acb5dcbc88152b36a4d2b8175bf0342",
                "sha256:3c516a220931c388747e08fb34fe080785b5f003a86c22a21b04c81de562da02",
                "sha256:436766e26fb5d4ba3d579461270cc9607b2bd0f2ce004fe47ccc863b1df6e16a",
                "sha256:528d84a77a786504256c510d06fffc8b3b2bda9f74366de6f44c5118e5bef598",
                "sha256:59546daa8d98434afee9d4473e1260ca4b8f7daf04a5f9d92ace03fee5a9bc53",
                "sha256:5a11c74965f537f11cb2d42f35c14ced55d17be8aa5345f2319826b79d8c59f0",
                "sha256:67a850b06882f794fe530a9fa94d1f24674a9069147cd00dda97bf260c9e6525",
                "sha256:c0eab46a170e62d73b9cfc1c9faf99b8eeb88271d62508ba7770649b8cc46a85",
                "sha256:c86acaa78b75e7f72fc64f3d4e18c2e864c16001b5530d37ff91197dd033b65d",
                "sha256:cf32315896aa3c93c021983aa6ba62b008486da70e1e5de26414ed6cc51d5cf5",
                "sha256:d0283ba67e2fabef7a83ecad8f3c43c7295fb05d015f2ea060ac6bc970460398",
                "sha256:da2c00ad4bb08f1b0b4ea5f9946384565bd596af4e212d46f763e42bcdf554df",
                "sha256:e6e3204348eaf2e8bb0d7c8dc4eccc410a55f25e05ef9d017cec880767c8badb"
            ],
            "index": "pypi",
            "version": "==1.9.4"
        },
        "urllib3": {
            "hashes": [
                "sha256:44ece4d53fb1706f667c9bd1c648f5469a2ec925fcf3a776667042d645472c14",
                "sha256:aabaf16477806a5e1dd19aa41f8c2b7950dd3c746362d7e3223dbe6de6ac448e"
            ],
            "markers": "python_version >= '2.7' and python_version not in '3.0, 3.1, 3.2, 3.3, 3.4' and python_full_version < '4.0.0'",
            "version": "==1.26.9"
        },
        "werkzeug": {
            "hashes": [
                "sha256:1ce08e8093ed67d638d63879fd1ba3735817f7a80de3674d293f5984f25fb6e6",
                "sha256:72a4b735692dd3135217911cbeaa1be5fa3f62bffb8745c5215420a03dc55255"
            ],
            "markers": "python_version >= '3.7'",
            "version": "==2.1.2"
        }
    },
    "develop": {
        "autopep8": {
            "hashes": [
                "sha256:44f0932855039d2c15c4510d6df665e4730f2b8582704fa48f9c55bd3e17d979",
                "sha256:ed77137193bbac52d029a52c59bec1b0629b5a186c495f1eb21b126ac466083f"
            ],
            "index": "pypi",
            "version": "==1.6.0"
        },
        "pycodestyle": {
            "hashes": [
                "sha256:720f8b39dde8b293825e7ff02c475f3077124006db4f440dcbc9a20b76548a20",
                "sha256:eddd5847ef438ea1c7870ca7eb78a9d47ce0cdb4851a5523949f2601d0cbbe7f"
            ],
            "markers": "python_version >= '2.7' and python_version not in '3.0, 3.1, 3.2, 3.3, 3.4'",
            "version": "==2.8.0"
        },
        "python-dotenv": {
            "hashes": [
                "sha256:b7e3b04a59693c42c36f9ab1cc2acc46fa5df8c78e178fc33a8d4cd05c8d498f",
                "sha256:d92a187be61fe482e4fd675b6d52200e7be63a12b724abbf931a40ce4fa92938"
            ],
            "index": "pypi",
            "version": "==0.20.0"
        },
        "toml": {
            "hashes": [
                "sha256:806143ae5bfb6a3c6e736a764057db0e6a0e05e338b5630894a5f779cabb4f9b",
                "sha256:b3bda1d108d5dd99f4a20d24d9c348e91c4db7ab1b749200bded2f839ccbe68f"
            ],
            "markers": "python_version >= '2.6' and python_version not in '3.0, 3.1, 3.2, 3.3'",
            "version": "==0.10.2"
        }
    }
}
